
Microsoft Visual Studio Solution File, Format Version 12.00
# Visual Studio Version 17
VisualStudioVersion = 17.4.33122.133
MinimumVisualStudioVersion = 10.0.40219.1
Project("{8BC9CEB8-8B4A-11D0-8D11-00A0C91BC942}") = "ChaosTasks", "ChaosTasks\ChaosTasks.vcxproj", "{55B86F3C-17B3-48C3-95CE-FE6BEDA84820}"
EndProject
Project("{8BC9CEB8-8B4A-11D0-8D11-00A0C91BC942}") = "Homework1", "Homework1\Homework1.vcxproj", "{D57A8470-74FF-44AF-A64B-17008F9C72D6}"
EndProject
Project("{8BC9CEB8-8B4A-11D0-8D11-00A0C91BC942}") = "Homework2", "Homework2\Homework2.vcxproj", "{34571C65-7EDB-42A2-B4FB-02D74B21548B}"
EndProject
Project("{8BC9CEB8-8B4A-11D0-8D11-00A0C91BC942}") = "Homework3", "Homework3\Homework3.vcxproj", "{30F4E8BA-708F-4734-8D2E-23822D347B21}"
EndProject
Project("{8BC9CEB8-8B4A-11D0-8D11-00A0C91BC942}") = "Homework4", "Homework4\Homework4.vcxproj", "{7D5B7A08-58E2-44D8-A841-1D260C84D212}"
EndProject
Project("{8BC9CEB8-8B4A-11D0-8D11-00A0C91BC942}") = "Homework5", "Homework5\Homework5.vcxproj", "{87B5D9FB-A775-4189-96B1-0AE13499516D}"
EndProject
Project("{8BC9CEB8-8B4A-11D0-8D11-00A0C91BC942}") = "Homework6", "Homework6\Homework6.vcxproj", "{ACE9893B-5643-4F21-9EDC-5FC61B6E63C7}"
EndProject
Project("{8BC9CEB8-8B4A-11D0-8D11-00A0C91BC942}") = "Homework7", "Homework7\Homework7.vcxproj", "{34F00B29-742A-49E6-BF4D-70D945F2B317}"
EndProject
Project("{8BC9CEB8-8B4A-11D0-8D11-00A0C91BC942}") = "Homework8", "Homework8\Homework8.vcxproj", "{C9683990-3E39-43A0-9388-F150E3D25DE4}"
EndProject
Project("{8BC9CEB8-8B4A-11D0-8D11-00A0C91BC942}") = "Homework9", "Homework9\Homework9.vcxproj", "{B0395F32-B160-4933-863A-1CBF0A04F75F}"
EndProject
Project("{8BC9CEB8-8B4A-11D0-8D11-00A0C91BC942}") = "Homework10", "Homework10\Homework10.vcxproj", "{B4B1D812-56A7-4B8B-ABDE-295CE9F177C9}"
EndProject
Project("{8BC9CEB8-8B4A-11D0-8D11-00A0C91BC942}") = "Homework11", "Homework11\Homework11.vcxproj", "{EF3F0C87-95ED-4129-9B44-39F4054DF2C4}"
EndProject
Project("{8BC9CEB8-8B4A-11D0-8D11-00A0C91BC942}") = "Homework12", "Homework12\Homework12.vcxproj", "{3E912936-DBA8-491B-9379-D25248C01AC2}"
EndProject
Project("{8BC9CEB8-8B4A-11D0-8D11-00A0C91BC942}") = "Homework13", "Homework13\Homework13.vcxproj", "{6F5429C6-6815-4FDC-8C6E-71C8AE3653C1}"
EndProject
Project("{8BC9CEB8-8B4A-11D0-8D11-00A0C91BC942}") = "Project", "Project\Project.vcxproj", "{3ADF672B-9F2A-499A-957B-457EEBEBA1B2}"
EndProject
Global
	GlobalSection(SolutionConfigurationPlatforms) = preSolution
		Debug|x64 = Debug|x64
		Debug|x86 = Debug|x86
		Release|x64 = Release|x64
		Release|x86 = Release|x86
	EndGlobalSection
	GlobalSection(ProjectConfigurationPlatforms) = postSolution
		{55B86F3C-17B3-48C3-95CE-FE6BEDA84820}.Debug|x64.ActiveCfg = Debug|x64
		{55B86F3C-17B3-48C3-95CE-FE6BEDA84820}.Debug|x64.Build.0 = Debug|x64
		{55B86F3C-17B3-48C3-95CE-FE6BEDA84820}.Debug|x86.ActiveCfg = Debug|Win32
		{55B86F3C-17B3-48C3-95CE-FE6BEDA84820}.Debug|x86.Build.0 = Debug|Win32
		{55B86F3C-17B3-48C3-95CE-FE6BEDA84820}.Release|x64.ActiveCfg = Release|x64
		{55B86F3C-17B3-48C3-95CE-FE6BEDA84820}.Release|x64.Build.0 = Release|x64
		{55B86F3C-17B3-48C3-95CE-FE6BEDA84820}.Release|x86.ActiveCfg = Release|Win32
		{55B86F3C-17B3-48C3-95CE-FE6BEDA84820}.Release|x86.Build.0 = Release|Win32
		{D57A8470-74FF-44AF-A64B-17008F9C72D6}.Debug|x64.ActiveCfg = Debug|x64
		{D57A8470-74FF-44AF-A64B-17008F9C72D6}.Debug|x64.Build.0 = Debug|x64
		{D57A8470-74FF-44AF-A64B-17008F9C72D6}.Debug|x86.ActiveCfg = Debug|Win32
		{D57A8470-74FF-44AF-A64B-17008F9C72D6}.Debug|x86.Build.0 = Debug|Win32
		{D57A8470-74FF-44AF-A64B-17008F9C72D6}.Release|x64.ActiveCfg = Release|x64
		{D57A8470-74FF-44AF-A64B-17008F9C72D6}.Release|x64.Build.0 = Release|x64
		{D57A8470-74FF-44AF-A64B-17008F9C72D6}.Release|x86.ActiveCfg = Release|Win32
		{D57A8470-74FF-44AF-A64B-17008F9C72D6}.Release|x86.Build.0 = Release|Win32
		{34571C65-7EDB-42A2-B4FB-02D74B21548B}.Debug|x64.ActiveCfg = Debug|x64
		{34571C65-7EDB-42A2-B4FB-02D74B21548B}.Debug|x64.Build.0 = Debug|x64
		{34571C65-7EDB-42A2-B4FB-02D74B21548B}.Debug|x86.ActiveCfg = Debug|Win32
		{34571C65-7EDB-42A2-B4FB-02D74B21548B}.Debug|x86.Build.0 = Debug|Win32
		{34571C65-7EDB-42A2-B4FB-02D74B21548B}.Release|x64.ActiveCfg = Release|x64
		{34571C65-7EDB-42A2-B4FB-02D74B21548B}.Release|x64.Build.0 = Release|x64
		{34571C65-7EDB-42A2-B4FB-02D74B21548B}.Release|x86.ActiveCfg = Release|Win32
		{34571C65-7EDB-42A2-B4FB-02D74B21548B}.Release|x86.Build.0 = Release|Win32
		{30F4E8BA-708F-4734-8D2E-23822D347B21}.Debug|x64.ActiveCfg = Debug|x64
		{30F4E8BA-708F-4734-8D2E-23822D347B21}.Debug|x64.Build.0 = Debug|x64
		{30F4E8BA-708F-4734-8D2E-23822D347B21}.Debug|x86.ActiveCfg = Debug|Win32
		{30F4E8BA-708F-4734-8D2E-23822D347B21}.Debug|x86.Build.0 = Debug|Win32
		{30F4E8BA-708F-4734-8D2E-23822D347B21}.Release|x64.ActiveCfg = Release|x64
		{30F4E8BA-708F-4734-8D2E-23822D347B21}.Release|x64.Build.0 = Release|x64
		{30F4E8BA-708F-4734-8D2E-23822D347B21}.Release|x86.ActiveCfg = Release|Win32
		{30F4E8BA-708F-4734-8D2E-23822D347B21}.Release|x86.Build.0 = Release|Win32
		{7D5B7A08-58E2-44D8-A841-1D260C84D212}.Debug|x64.ActiveCfg = Debug|x64
		{7D5B7A08-58E2-44D8-A841-1D260C84D212}.Debug|x64.Build.0 = Debug|x64
		{7D5B7A08-58E2-44D8-A841-1D260C84D212}.Debug|x86.ActiveCfg = Debug|Win32
		{7D5B7A08-58E2-44D8-A841-1D260C84D212}.Debug|x86.Build.0 = Debug|Win32
		{7D5B7A08-58E2-44D8-A841-1D260C84D212}.Release|x64.ActiveCfg = Release|x64
		{7D5B7A08-58E2-44D8-A841-1D260C84D212}.Release|x64.Build.0 = Release|x64
		{7D5B7A08-58E2-44D8-A841-1D260C84D212}.Release|x86.ActiveCfg = Release|Win32
		{7D5B7A08-58E2-44D8-A841-1D260C84D212}.Release|x86.Build.0 = Release|Win32
		{87B5D9FB-A775-4189-96B1-0AE13499516D}.Debug|x64.ActiveCfg = Debug|x64
		{87B5D9FB-A775-4189-96B1-0AE13499516D}.Debug|x64.Build.0 = Debug|x64
		{87B5D9FB-A775-4189-96B1-0AE13499516D}.Debug|x86.ActiveCfg = Debug|Win32
		{87B5D9FB-A775-4189-96B1-0AE13499516D}.Debug|x86.Build.0 = Debug|Win32
		{87B5D9FB-A775-4189-96B1-0AE13499516D}.Release|x64.ActiveCfg = Release|x64
		{87B5D9FB-A775-4189-96B1-0AE13499516D}.Release|x64.Build.0 = Release|x64
		{87B5D9FB-A775-4189-96B1-0AE13499516D}.Release|x86.ActiveCfg = Release|Win32
		{87B5D9FB-A775-4189-96B1-0AE13499516D}.Release|x86.Build.0 = Release|Win32
		{ACE9893B-5643-4F21-9EDC-5FC61B6E63C7}.Debug|x64.ActiveCfg = Debug|x64
		{ACE9893B-5643-4F21-9EDC-5FC61B6E63C7}.Debug|x64.Build.0 = Debug|x64
		{ACE9893B-5643-4F21-9EDC-5FC61B6E63C7}.Debug|x86.ActiveCfg = Debug|Win32
		{ACE9893B-5643-4F21-9EDC-5FC61B6E63C7}.Debug|x86.Build.0 = Debug|Win32
		{ACE9893B-5643-4F21-9EDC-5FC61B6E63C7}.Release|x64.ActiveCfg = Release|x64
		{ACE9893B-5643-4F21-9EDC-5FC61B6E63C7}.Release|x64.Build.0 = Release|x64
		{ACE9893B-5643-4F21-9EDC-5FC61B6E63C7}.Release|x86.ActiveCfg = Release|Win32
		{ACE9893B-5643-4F21-9EDC-5FC61B6E63C7}.Release|x86.Build.0 = Release|Win32
		{34F00B29-742A-49E6-BF4D-70D945F2B317}.Debug|x64.ActiveCfg = Debug|x64
		{34F00B29-742A-49E6-BF4D-70D945F2B317}.Debug|x64.Build.0 = Debug|x64
		{34F00B29-742A-49E6-BF4D-70D945F2B317}.Debug|x86.ActiveCfg = Debug|Win32
		{34F00B29-742A-49E6-BF4D-70D945F2B317}.Debug|x86.Build.0 = Debug|Win32
		{34F00B29-742A-49E6-BF4D-70D945F2B317}.Release|x64.ActiveCfg = Release|x64
		{34F00B29-742A-49E6-BF4D-70D945F2B317}.Release|x64.Build.0 = Release|x64
		{34F00B29-742A-49E6-BF4D-70D945F2B317}.Release|x86.ActiveCfg = Release|Win32
		{34F00B29-742A-49E6-BF4D-70D945F2B317}.Release|x86.Build.0 = Release|Win32
		{C9683990-3E39-43A0-9388-F150E3D25DE4}.Debug|x64.ActiveCfg = Debug|x64
		{C9683990-3E39-43A0-9388-F150E3D25DE4}.Debug|x64.Build.0 = Debug|x64
		{C9683990-3E39-43A0-9388-F150E3D25DE4}.Debug|x86.ActiveCfg = Debug|Win32
		{C9683990-3E39-43A0-9388-F150E3D25DE4}.Debug|x86.Build.0 = Debug|Win32
		{C9683990-3E39-43A0-9388-F150E3D25DE4}.Release|x64.ActiveCfg = Release|x64
		{C9683990-3E39-43A0-9388-F150E3D25DE4}.Release|x64.Build.0 = Release|x64
		{C9683990-3E39-43A0-9388-F150E3D25DE4}.Release|x86.ActiveCfg = Release|Win32
		{C9683990-3E39-43A0-9388-F150E3D25DE4}.Release|x86.Build.0 = Release|Win32
		{B0395F32-B160-4933-863A-1CBF0A04F75F}.Debug|x64.ActiveCfg = Debug|x64
		{B0395F32-B160-4933-863A-1CBF0A04F75F}.Debug|x64.Build.0 = Debug|x64
		{B0395F32-B160-4933-863A-1CBF0A04F75F}.Debug|x86.ActiveCfg = Debug|Win32
		{B0395F32-B160-4933-863A-1CBF0A04F75F}.Debug|x86.Build.0 = Debug|Win32
		{B0395F32-B160-4933-863A-1CBF0A04F75F}.Release|x64.ActiveCfg = Release|x64
		{B0395F32-B160-4933-863A-1CBF0A04F75F}.Release|x64.Build.0 = Release|x64
		{B0395F32-B160-4933-863A-1CBF0A04F75F}.Release|x86.ActiveCfg = Release|Win32
		{B0395F32-B160-4933-863A-1CBF0A04F75F}.Release|x86.Build.0 = Release|Win32
		{B4B1D812-56A7-4B8B-ABDE-295CE9F177C9}.Debug|x64.ActiveCfg = Debug|x64
		{B4B1D812-56A7-4B8B-ABDE-295CE9F177C9}.Debug|x64.Build.0 = Debug|x64
		{B4B1D812-56A7-4B8B-ABDE-295CE9F177C9}.Debug|x86.ActiveCfg = Debug|Win32
		{B4B1D812-56A7-4B8B-ABDE-295CE9F177C9}.Debug|x86.Build.0 = Debug|Win32
		{B4B1D812-56A7-4B8B-ABDE-295CE9F177C9}.Release|x64.ActiveCfg = Release|x64
		{B4B1D812-56A7-4B8B-ABDE-295CE9F177C9}.Release|x64.Build.0 = Release|x64
		{B4B1D812-56A7-4B8B-ABDE-295CE9F177C9}.Release|x86.ActiveCfg = Release|Win32
		{B4B1D812-56A7-4B8B-ABDE-295CE9F177C9}.Release|x86.Build.0 = Release|Win32
		{EF3F0C87-95ED-4129-9B44-39F4054DF2C4}.Debug|x64.ActiveCfg = Debug|x64
		{EF3F0C87-95ED-4129-9B44-39F4054DF2C4}.Debug|x64.Build.0 = Debug|x64
		{EF3F0C87-95ED-4129-9B44-39F4054DF2C4}.Debug|x86.ActiveCfg = Debug|Win32
		{EF3F0C87-95ED-4129-9B44-39F4054DF2C4}.Debug|x86.Build.0 = Debug|Win32
		{EF3F0C87-95ED-4129-9B44-39F4054DF2C4}.Release|x64.ActiveCfg = Release|x64
		{EF3F0C87-95ED-4129-9B44-39F4054DF2C4}.Release|x64.Build.0 = Release|x64
		{EF3F0C87-95ED-4129-9B44-39F4054DF2C4}.Release|x86.ActiveCfg = Release|Win32
		{EF3F0C87-95ED-4129-9B44-39F4054DF2C4}.Release|x86.Build.0 = Release|Win32
		{3E912936-DBA8-491B-9379-D25248C01AC2}.Debug|x64.ActiveCfg = Debug|x64
		{3E912936-DBA8-491B-9379-D25248C01AC2}.Debug|x64.Build.0 = Debug|x64
		{3E912936-DBA8-491B-9379-D25248C01AC2}.Debug|x86.ActiveCfg = Debug|Win32
		{3E912936-DBA8-491B-9379-D25248C01AC2}.Debug|x86.Build.0 = Debug|Win32
		{3E912936-DBA8-491B-9379-D25248C01AC2}.Release|x64.ActiveCfg = Release|x64
		{3E912936-DBA8-491B-9379-D25248C01AC2}.Release|x64.Build.0 = Release|x64
		{3E912936-DBA8-491B-9379-D25248C01AC2}.Release|x86.ActiveCfg = Release|Win32
		{3E912936-DBA8-491B-9379-D25248C01AC2}.Release|x86.Build.0 = Release|Win32
		{6F5429C6-6815-4FDC-8C6E-71C8AE3653C1}.Debug|x64.ActiveCfg = Debug|x64
		{6F5429C6-6815-4FDC-8C6E-71C8AE3653C1}.Debug|x64.Build.0 = Debug|x64
		{6F5429C6-6815-4FDC-8C6E-71C8AE3653C1}.Debug|x86.ActiveCfg = Debug|Win32
		{6F5429C6-6815-4FDC-8C6E-71C8AE3653C1}.Debug|x86.Build.0 = Debug|Win32
		{6F5429C6-6815-4FDC-8C6E-71C8AE3653C1}.Release|x64.ActiveCfg = Release|x64
		{6F5429C6-6815-4FDC-8C6E-71C8AE3653C1}.Release|x64.Build.0 = Release|x64
		{6F5429C6-6815-4FDC-8C6E-71C8AE3653C1}.Release|x86.ActiveCfg = Release|Win32
		{6F5429C6-6815-4FDC-8C6E-71C8AE3653C1}.Release|x86.Build.0 = Release|Win32
		{3ADF672B-9F2A-499A-957B-457EEBEBA1B2}.Debug|x64.ActiveCfg = Debug|x64
		{3ADF672B-9F2A-499A-957B-457EEBEBA1B2}.Debug|x64.Build.0 = Debug|x64
		{3ADF672B-9F2A-499A-957B-457EEBEBA1B2}.Debug|x86.ActiveCfg = Debug|Win32
		{3ADF672B-9F2A-499A-957B-457EEBEBA1B2}.Debug|x86.Build.0 = Debug|Win32
		{3ADF672B-9F2A-499A-957B-457EEBEBA1B2}.Release|x64.ActiveCfg = Release|x64
		{3ADF672B-9F2A-499A-957B-457EEBEBA1B2}.Release|x64.Build.0 = Release|x64
		{3ADF672B-9F2A-499A-957B-457EEBEBA1B2}.Release|x86.ActiveCfg = Release|Win32
		{3ADF672B-9F2A-499A-957B-457EEBEBA1B2}.Release|x86.Build.0 = Release|Win32
	EndGlobalSection
	GlobalSection(SolutionProperties) = preSolution
		HideSolutionNode = FALSE
	EndGlobalSection
	GlobalSection(ExtensibilityGlobals) = postSolution
		SolutionGuid = {B97005FC-018D-4123-A832-263D55271E08}
	EndGlobalSection
EndGlobal
